// !$*UTF8*$!
{
	archiveVersion = 1;
	classes = {
	};
	objectVersion = 77;
	objects = {

/* Begin PBXBuildFile section */
		25B74AAD94598FC13ED2D7AD /* PlaylistsView.swift in Sources */ = {isa = PBXBuildFile; fileRef = 9BBB44EE841D429AEF564E2A /* PlaylistsView.swift */; };
		356C4C7EB414E7D7C03EB326 /* PlaybackQueuePopover.swift in Sources */ = {isa = PBXBuildFile; fileRef = B9E34D2F833D4923107AD670 /* PlaybackQueuePopover.swift */; };
		5CE040AD98B81368EA9A7679 /* AlbumsView.swift in Sources */ = {isa = PBXBuildFile; fileRef = 36B144148D6FB2BF02B82FED /* AlbumsView.swift */; };
		60704145B141D53A5E46B0C3 /* SongsView.swift in Sources */ = {isa = PBXBuildFile; fileRef = 16F74EE3BC857776B16D13E5 /* SongsView.swift */; };
		774A4F53BE550377B27F2D11 /* PlayerBar.swift in Sources */ = {isa = PBXBuildFile; fileRef = 6AA84AE18B72E074B741390B /* PlayerBar.swift */; };
		7A314A99AB3DD7D599598AB7 /* PlaybackService.swift in Sources */ = {isa = PBXBuildFile; fileRef = E4BE466DB625E1B1F7B502E6 /* PlaybackService.swift */; };
		817A4F9ABB129E453809AA3E /* TrackContextMenu.swift in Sources */ = {isa = PBXBuildFile; fileRef = D65347B0A32DAAC006C4C1A1 /* TrackContextMenu.swift */; };
		85524BFB9D5788B2169A34B7 /* ArtworkView.swift in Sources */ = {isa = PBXBuildFile; fileRef = FCFC4D3F85D59C9DD63AFF87 /* ArtworkView.swift */; };
		916E4682B48C8A4C2DF58FE6 /* IfPlayer.swift in Sources */ = {isa = PBXBuildFile; fileRef = 0EFE4690934E662AB1441C75 /* IfPlayer.swift */; };
		968B4EFE9CF90E475944E2F5 /* SearchView.swift in Sources */ = {isa = PBXBuildFile; fileRef = 787845B5A237F80BE4F6BE89 /* SearchView.swift */; };
		A100000000000000000000001 /* KyokuApp.swift in Sources */ = {isa = PBXBuildFile; fileRef = B100000000000000000000001 /* KyokuApp.swift */; };
		A100000000000000000000002 /* AppContainer.swift in Sources */ = {isa = PBXBuildFile; fileRef = B100000000000000000000002 /* AppContainer.swift */; };
		A100000000000000000000003 /* RootView.swift in Sources */ = {isa = PBXBuildFile; fileRef = B100000000000000000000003 /* RootView.swift */; };
		A100000000000000000000004 /* KyokuLogger.swift in Sources */ = {isa = PBXBuildFile; fileRef = B100000000000000000000004 /* KyokuLogger.swift */; };
		A100000000000000000000005 /* AppSettings.swift in Sources */ = {isa = PBXBuildFile; fileRef = B100000000000000000000005 /* AppSettings.swift */; };
		A100000000000000000000006 /* Database.swift in Sources */ = {isa = PBXBuildFile; fileRef = B100000000000000000000006 /* Database.swift */; };
		D2000000000000000000000A1 /* DatabaseBoot.swift in Sources */ = {isa = PBXBuildFile; fileRef = D1000000000000000000000A1 /* DatabaseBoot.swift */; };
		A100000000000000000000007 /* Schema.swift in Sources */ = {isa = PBXBuildFile; fileRef = B100000000000000000000007 /* Schema.swift */; };
		A100000000000000000000008 /* Track.swift in Sources */ = {isa = PBXBuildFile; fileRef = B100000000000000000000008 /* Track.swift */; };
		A100000000000000000000010 /* DownloadProfile.swift in Sources */ = {isa = PBXBuildFile; fileRef = B100000000000000000000010 /* DownloadProfile.swift */; };
		A100000000000000000000011 /* LibraryStore.swift in Sources */ = {isa = PBXBuildFile; fileRef = B100000000000000000000011 /* LibraryStore.swift */; };
		A100000000000000000000013 /* DownloadEngine.swift in Sources */ = {isa = PBXBuildFile; fileRef = B100000000000000000000013 /* DownloadEngine.swift */; };
		A100000000000000000000014 /* ProcessRunner.swift in Sources */ = {isa = PBXBuildFile; fileRef = B100000000000000000000014 /* ProcessRunner.swift */; };
		A100000000000000000000015 /* SpotDLEngine.swift in Sources */ = {isa = PBXBuildFile; fileRef = B100000000000000000000015 /* SpotDLEngine.swift */; };
		A100000000000000000000016 /* MusicFolderAccess.swift in Sources */ = {isa = PBXBuildFile; fileRef = B100000000000000000000016 /* MusicFolderAccess.swift */; };
		A100000000000000000000018 /* HomeView.swift in Sources */ = {isa = PBXBuildFile; fileRef = B100000000000000000000018 /* HomeView.swift */; };
		A100000000000000000000019 /* SettingsView.swift in Sources */ = {isa = PBXBuildFile; fileRef = B100000000000000000000019 /* SettingsView.swift */; };
		A100000000000000000000020 /* Assets.xcassets in Resources */ = {isa = PBXBuildFile; fileRef = B100000000000000000000020 /* Assets.xcassets */; };
		A100000000000000000000021 /* Kyoku.entitlements in None */ = {isa = PBXBuildFile; fileRef = B100000000000000000000021 /* Kyoku.entitlements */; };
		A100000000000000000000022 /* DownloadEngineError.swift in Sources */ = {isa = PBXBuildFile; fileRef = B100000000000000000000022 /* DownloadEngineError.swift */; };
		A100000000000000000000023 /* DownloadQueue.swift in Sources */ = {isa = PBXBuildFile; fileRef = B100000000000000000000023 /* DownloadQueue.swift */; };
		A100000000000000000000024 /* QueueView.swift in Sources */ = {isa = PBXBuildFile; fileRef = B100000000000000000000024 /* QueueView.swift */; };
		A100000000000000000000025 /* SourcesView.swift in Sources */ = {isa = PBXBuildFile; fileRef = B100000000000000000000025 /* SourcesView.swift */; };
		A8574C31AD5F4ADAABE397CF /* TrackRow.swift in Sources */ = {isa = PBXBuildFile; fileRef = E0A545E196ACCCC534B3F90A /* TrackRow.swift */; };
		A98F4A308C79506D411B2E05 /* RecentlyAddedView.swift in Sources */ = {isa = PBXBuildFile; fileRef = 840642108DD5673041A47B4C /* RecentlyAddedView.swift */; };
		B41141C7A3DE62F25AB5900A /* LibraryIdentity.swift in Sources */ = {isa = PBXBuildFile; fileRef = 3B7A4901BDE8B9F5412508E2 /* LibraryIdentity.swift */; };
		BFAB4BC5AE28D93F1EC05169 /* NowPlayingView.swift in Sources */ = {isa = PBXBuildFile; fileRef = 711A4FB1BBC3A0DB881BF186 /* NowPlayingView.swift */; };
		CA704903A7FDCB401749CFB3 /* FileMetadataReader.swift in Sources */ = {isa = PBXBuildFile; fileRef = 54B64F75AF9D28C6199D7533 /* FileMetadataReader.swift */; };
		ECCD47B8AF4DDAE86D4975D7 /* LibraryModels.swift in Sources */ = {isa = PBXBuildFile; fileRef = 8F94467BB8F0F8D73ECF4DE3 /* LibraryModels.swift */; };
		EEA140D291919E7467E60F06 /* ArtistsView.swift in Sources */ = {isa = PBXBuildFile; fileRef = F77B4793A3E18A9960A32170 /* ArtistsView.swift */; };
		C2004DFDD5858CD9910C427D /* LibraryImportTests.swift in Sources */ = {isa = PBXBuildFile; fileRef = 48B1C8DDEDFF7F2CD216C643 /* LibraryImportTests.swift */; };
		AB38CEF06133DECDF84090DA /* PlaybackQueueTests.swift in Sources */ = {isa = PBXBuildFile; fileRef = 984ABEAACBDF62E0FCABA811 /* PlaybackQueueTests.swift */; };
		70CE69FB1088117612DBEA08 /* MigrationTests.swift in Sources */ = {isa = PBXBuildFile; fileRef = 35FBEF998FD19F32872A5A1C /* MigrationTests.swift */; };
		D2000000000000000000000C3 /* DatabaseSurvivalTests.swift in Sources */ = {isa = PBXBuildFile; fileRef = D1000000000000000000000C3 /* DatabaseSurvivalTests.swift */; };
		9EF16B672B0F635440C0562C /* AutomationModels.swift in Sources */ = {isa = PBXBuildFile; fileRef = B426ABAF5977AA728ECB59F5 /* AutomationModels.swift */; };
		045EBBA6B7E90B63C39650FA /* SourceStore.swift in Sources */ = {isa = PBXBuildFile; fileRef = 031618159B69D11DE125948B /* SourceStore.swift */; };
		B5692942509F6ABF20CCFAAA /* SyncJobStore.swift in Sources */ = {isa = PBXBuildFile; fileRef = 9271A4CB243763431772FAA2 /* SyncJobStore.swift */; };
		E3557E55B37ECD25D2141519 /* AutomationRecordStore.swift in Sources */ = {isa = PBXBuildFile; fileRef = AE964297C1061C161B21AD3D /* AutomationRecordStore.swift */; };
		2276271EF85C2F4EAC5CC716 /* SyncScheduler2.swift in Sources */ = {isa = PBXBuildFile; fileRef = C141B71F14DADE21C2DF2C6E /* SyncScheduler2.swift */; };
		390E32D6E91214BB11DBBA75 /* SyncEngine.swift in Sources */ = {isa = PBXBuildFile; fileRef = D268CB200DBF54CDD7C3B1B1 /* SyncEngine.swift */; };
		B2B9A3E906CD37746E5E90B8 /* SyncNotifier.swift in Sources */ = {isa = PBXBuildFile; fileRef = 03133CD1CAAF942D28893BB6 /* SyncNotifier.swift */; };
		2719CA4369E8E5065C087023 /* ChangeDetectionTests.swift in Sources */ = {isa = PBXBuildFile; fileRef = 161AFB7007F45F0A8DD1D576 /* ChangeDetectionTests.swift */; };
		50A4015E292623BB29297741 /* SchedulerTests.swift in Sources */ = {isa = PBXBuildFile; fileRef = DF40C271A7B09CA46B99F699 /* SchedulerTests.swift */; };
		085D4E2F2C4CE4DFB2C277D5 /* AutomationPersistenceTests.swift in Sources */ = {isa = PBXBuildFile; fileRef = CF7D4B2986D35D30ACB12A7E /* AutomationPersistenceTests.swift */; };
		1642E8CF5DB013377D506F2F /* AddSourceView.swift in Sources */ = {isa = PBXBuildFile; fileRef = B3AA965C00827153B99CB73F /* AddSourceView.swift */; };
		649BAF6A70FA15F8C03E44F6 /* SyncJobsView.swift in Sources */ = {isa = PBXBuildFile; fileRef = 90CE713617C63DBC18040C96 /* SyncJobsView.swift */; };
		0C03148FF7C84F520FB2EF33 /* SyncJobEditorView.swift in Sources */ = {isa = PBXBuildFile; fileRef = 355361579FB43C8313475045 /* SyncJobEditorView.swift */; };
		21A354789ACC5B4CE365A2FC /* SyncPreviewView.swift in Sources */ = {isa = PBXBuildFile; fileRef = 11ACEBF560088FF57AF4D1E6 /* SyncPreviewView.swift */; };
		2F89595E5B8F0574F8BEA296 /* NeedsAttentionView.swift in Sources */ = {isa = PBXBuildFile; fileRef = 1018CF479E193A6925209A28 /* NeedsAttentionView.swift */; };
		009826AB796288F5BB55370C /* ActivityView.swift in Sources */ = {isa = PBXBuildFile; fileRef = E7B25BE1CD591AAB87A5ED40 /* ActivityView.swift */; };
		757296A9E01F2DD8396CA311 /* FolderPicker.swift in Sources */ = {isa = PBXBuildFile; fileRef = 73BF25FFC1C734559333D08F /* FolderPicker.swift */; };
		D2000000000000000000000B2 /* DatabaseRecoveryView.swift in Sources */ = {isa = PBXBuildFile; fileRef = D1000000000000000000000B2 /* DatabaseRecoveryView.swift */; };
		A91F0DC27EF5B580DC4F17F7 /* OnboardingView.swift in Sources */ = {isa = PBXBuildFile; fileRef = 5F6B5797FD7D94DFBB6FB0D2 /* OnboardingView.swift */; };
		030CA29140138718545B4C29 /* PlaybackError.swift in Sources */ = {isa = PBXBuildFile; fileRef = CF7136D811C3EB187611AB2C /* PlaybackError.swift */; };
		21D3E23EB33416EA3681B3AE /* DownloadQueueCorrectnessTests.swift in Sources */ = {isa = PBXBuildFile; fileRef = 250EA5566CEE8AB3729B024F /* DownloadQueueCorrectnessTests.swift */; };
		53C9A3C149FA0ED452AA90B7 /* OnboardingSettingsTests.swift in Sources */ = {isa = PBXBuildFile; fileRef = 37CAB767C694A750EBB51FC5 /* OnboardingSettingsTests.swift */; };
		8241605D4C0DDDA4396D8F5D /* SandboxHardeningTests.swift in Sources */ = {isa = PBXBuildFile; fileRef = 3F41BE97152D021066C908CD /* SandboxHardeningTests.swift */; };
		B21F81FAB557B9C228C50029 /* ArtworkStore.swift in Sources */ = {isa = PBXBuildFile; fileRef = 422265F22C4A23593C8C4644 /* ArtworkStore.swift */; };
		5249FD6B108CAE0C808DF5FE /* AddPlaylistView.swift in Sources */ = {isa = PBXBuildFile; fileRef = 166C102D18BAB40E3EE3F963 /* AddPlaylistView.swift */; };
		B0683D02D3535EF34FC0CE38 /* PlaylistArtwork.swift in Sources */ = {isa = PBXBuildFile; fileRef = 601DA62E50EB4942448C1CD6 /* PlaylistArtwork.swift */; };
		63890EB0281D383048CF0B77 /* PlaylistDestinations.swift in Sources */ = {isa = PBXBuildFile; fileRef = E1AAC378FCE4403AB99F26B8 /* PlaylistDestinations.swift */; };
		5A5D8EB42E4E67BC2DBC6A06 /* LibraryRobustnessTests.swift in Sources */ = {isa = PBXBuildFile; fileRef = 7B3D03538D205883B6592EFB /* LibraryRobustnessTests.swift */; };
/* End PBXBuildFile section */

/* Begin PBXFileReference section */
		0EFE4690934E662AB1441C75 /* IfPlayer.swift */ = {isa = PBXFileReference; lastKnownFileType = sourcecode.swift; path = IfPlayer.swift; sourceTree = "<group>"; };
		16F74EE3BC857776B16D13E5 /* SongsView.swift */ = {isa = PBXFileReference; lastKnownFileType = sourcecode.swift; path = SongsView.swift; sourceTree = "<group>"; };
		36B144148D6FB2BF02B82FED /* AlbumsView.swift */ = {isa = PBXFileReference; lastKnownFileType = sourcecode.swift; path = AlbumsView.swift; sourceTree = "<group>"; };
		3B7A4901BDE8B9F5412508E2 /* LibraryIdentity.swift */ = {isa = PBXFileReference; lastKnownFileType = sourcecode.swift; path = LibraryIdentity.swift; sourceTree = "<group>"; };
		54B64F75AF9D28C6199D7533 /* FileMetadataReader.swift */ = {isa = PBXFileReference; lastKnownFileType = sourcecode.swift; path = FileMetadataReader.swift; sourceTree = "<group>"; };
		6AA84AE18B72E074B741390B /* PlayerBar.swift */ = {isa = PBXFileReference; lastKnownFileType = sourcecode.swift; path = PlayerBar.swift; sourceTree = "<group>"; };
		711A4FB1BBC3A0DB881BF186 /* NowPlayingView.swift */ = {isa = PBXFileReference; lastKnownFileType = sourcecode.swift; path = NowPlayingView.swift; sourceTree = "<group>"; };
		787845B5A237F80BE4F6BE89 /* SearchView.swift */ = {isa = PBXFileReference; lastKnownFileType = sourcecode.swift; path = SearchView.swift; sourceTree = "<group>"; };
		840642108DD5673041A47B4C /* RecentlyAddedView.swift */ = {isa = PBXFileReference; lastKnownFileType = sourcecode.swift; path = RecentlyAddedView.swift; sourceTree = "<group>"; };
		8F94467BB8F0F8D73ECF4DE3 /* LibraryModels.swift */ = {isa = PBXFileReference; lastKnownFileType = sourcecode.swift; path = LibraryModels.swift; sourceTree = "<group>"; };
		9BBB44EE841D429AEF564E2A /* PlaylistsView.swift */ = {isa = PBXFileReference; lastKnownFileType = sourcecode.swift; path = PlaylistsView.swift; sourceTree = "<group>"; };
		B100000000000000000000001 /* KyokuApp.swift */ = {isa = PBXFileReference; lastKnownFileType = sourcecode.swift; path = KyokuApp.swift; sourceTree = "<group>"; };
		B100000000000000000000002 /* AppContainer.swift */ = {isa = PBXFileReference; lastKnownFileType = sourcecode.swift; path = AppContainer.swift; sourceTree = "<group>"; };
		B100000000000000000000003 /* RootView.swift */ = {isa = PBXFileReference; lastKnownFileType = sourcecode.swift; path = RootView.swift; sourceTree = "<group>"; };
		B100000000000000000000004 /* KyokuLogger.swift */ = {isa = PBXFileReference; lastKnownFileType = sourcecode.swift; path = KyokuLogger.swift; sourceTree = "<group>"; };
		B100000000000000000000005 /* AppSettings.swift */ = {isa = PBXFileReference; lastKnownFileType = sourcecode.swift; path = AppSettings.swift; sourceTree = "<group>"; };
		B100000000000000000000006 /* Database.swift */ = {isa = PBXFileReference; lastKnownFileType = sourcecode.swift; path = Database.swift; sourceTree = "<group>"; };
		B100000000000000000000007 /* Schema.swift */ = {isa = PBXFileReference; lastKnownFileType = sourcecode.swift; path = Schema.swift; sourceTree = "<group>"; };
		D1000000000000000000000A1 /* DatabaseBoot.swift */ = {isa = PBXFileReference; lastKnownFileType = sourcecode.swift; path = DatabaseBoot.swift; sourceTree = "<group>"; };
		B100000000000000000000008 /* Track.swift */ = {isa = PBXFileReference; lastKnownFileType = sourcecode.swift; path = Track.swift; sourceTree = "<group>"; };
		B100000000000000000000010 /* DownloadProfile.swift */ = {isa = PBXFileReference; lastKnownFileType = sourcecode.swift; path = DownloadProfile.swift; sourceTree = "<group>"; };
		B100000000000000000000011 /* LibraryStore.swift */ = {isa = PBXFileReference; lastKnownFileType = sourcecode.swift; path = LibraryStore.swift; sourceTree = "<group>"; };
		B100000000000000000000013 /* DownloadEngine.swift */ = {isa = PBXFileReference; lastKnownFileType = sourcecode.swift; path = DownloadEngine.swift; sourceTree = "<group>"; };
		B100000000000000000000014 /* ProcessRunner.swift */ = {isa = PBXFileReference; lastKnownFileType = sourcecode.swift; path = ProcessRunner.swift; sourceTree = "<group>"; };
		B100000000000000000000015 /* SpotDLEngine.swift */ = {isa = PBXFileReference; lastKnownFileType = sourcecode.swift; path = SpotDLEngine.swift; sourceTree = "<group>"; };
		B100000000000000000000016 /* MusicFolderAccess.swift */ = {isa = PBXFileReference; lastKnownFileType = sourcecode.swift; path = MusicFolderAccess.swift; sourceTree = "<group>"; };
		B100000000000000000000018 /* HomeView.swift */ = {isa = PBXFileReference; lastKnownFileType = sourcecode.swift; path = HomeView.swift; sourceTree = "<group>"; };
		B100000000000000000000019 /* SettingsView.swift */ = {isa = PBXFileReference; lastKnownFileType = sourcecode.swift; path = SettingsView.swift; sourceTree = "<group>"; };
		B100000000000000000000020 /* Assets.xcassets */ = {isa = PBXFileReference; lastKnownFileType = folder.assetcatalog; path = Assets.xcassets; sourceTree = "<group>"; };
		B100000000000000000000021 /* Kyoku.entitlements */ = {isa = PBXFileReference; lastKnownFileType = text.plist.entitlements; path = Kyoku.entitlements; sourceTree = "<group>"; };
		B100000000000000000000022 /* DownloadEngineError.swift */ = {isa = PBXFileReference; lastKnownFileType = sourcecode.swift; path = DownloadEngineError.swift; sourceTree = "<group>"; };
		B100000000000000000000023 /* DownloadQueue.swift */ = {isa = PBXFileReference; lastKnownFileType = sourcecode.swift; path = DownloadQueue.swift; sourceTree = "<group>"; };
		B100000000000000000000024 /* QueueView.swift */ = {isa = PBXFileReference; lastKnownFileType = sourcecode.swift; path = QueueView.swift; sourceTree = "<group>"; };
		B100000000000000000000025 /* SourcesView.swift */ = {isa = PBXFileReference; lastKnownFileType = sourcecode.swift; path = SourcesView.swift; sourceTree = "<group>"; };
		B9E34D2F833D4923107AD670 /* PlaybackQueuePopover.swift */ = {isa = PBXFileReference; lastKnownFileType = sourcecode.swift; path = PlaybackQueuePopover.swift; sourceTree = "<group>"; };
		D000000000000000000000001 /* Kyoku.app */ = {isa = PBXFileReference; explicitFileType = wrapper.application; includeInIndex = 0; path = Kyoku.app; sourceTree = BUILT_PRODUCTS_DIR; };
		D65347B0A32DAAC006C4C1A1 /* TrackContextMenu.swift */ = {isa = PBXFileReference; lastKnownFileType = sourcecode.swift; path = TrackContextMenu.swift; sourceTree = "<group>"; };
		E0A545E196ACCCC534B3F90A /* TrackRow.swift */ = {isa = PBXFileReference; lastKnownFileType = sourcecode.swift; path = TrackRow.swift; sourceTree = "<group>"; };
		E4BE466DB625E1B1F7B502E6 /* PlaybackService.swift */ = {isa = PBXFileReference; lastKnownFileType = sourcecode.swift; path = PlaybackService.swift; sourceTree = "<group>"; };
		F77B4793A3E18A9960A32170 /* ArtistsView.swift */ = {isa = PBXFileReference; lastKnownFileType = sourcecode.swift; path = ArtistsView.swift; sourceTree = "<group>"; };
		FCFC4D3F85D59C9DD63AFF87 /* ArtworkView.swift */ = {isa = PBXFileReference; lastKnownFileType = sourcecode.swift; path = ArtworkView.swift; sourceTree = "<group>"; };
		48B1C8DDEDFF7F2CD216C643 /* LibraryImportTests.swift */ = {isa = PBXFileReference; lastKnownFileType = sourcecode.swift; name = LibraryImportTests.swift; path = KyokuTests/LibraryImportTests.swift; sourceTree = SOURCE_ROOT; };
		984ABEAACBDF62E0FCABA811 /* PlaybackQueueTests.swift */ = {isa = PBXFileReference; lastKnownFileType = sourcecode.swift; name = PlaybackQueueTests.swift; path = KyokuTests/PlaybackQueueTests.swift; sourceTree = SOURCE_ROOT; };
		35FBEF998FD19F32872A5A1C /* MigrationTests.swift */ = {isa = PBXFileReference; lastKnownFileType = sourcecode.swift; name = MigrationTests.swift; path = KyokuTests/MigrationTests.swift; sourceTree = SOURCE_ROOT; };
		D1000000000000000000000C3 /* DatabaseSurvivalTests.swift */ = {isa = PBXFileReference; lastKnownFileType = sourcecode.swift; name = DatabaseSurvivalTests.swift; path = KyokuTests/DatabaseSurvivalTests.swift; sourceTree = SOURCE_ROOT; };
		53C14A9F6CF71DA48C9DEF8A /* KyokuTests.xctest */ = {isa = PBXFileReference; explicitFileType = wrapper.cfbundle; includeInIndex = 0; path = KyokuTests.xctest; sourceTree = BUILT_PRODUCTS_DIR; };
		B426ABAF5977AA728ECB59F5 /* AutomationModels.swift */ = {isa = PBXFileReference; lastKnownFileType = sourcecode.swift; path = AutomationModels.swift; sourceTree = "<group>"; };
		031618159B69D11DE125948B /* SourceStore.swift */ = {isa = PBXFileReference; lastKnownFileType = sourcecode.swift; path = SourceStore.swift; sourceTree = "<group>"; };
		9271A4CB243763431772FAA2 /* SyncJobStore.swift */ = {isa = PBXFileReference; lastKnownFileType = sourcecode.swift; path = SyncJobStore.swift; sourceTree = "<group>"; };
		AE964297C1061C161B21AD3D /* AutomationRecordStore.swift */ = {isa = PBXFileReference; lastKnownFileType = sourcecode.swift; path = AutomationRecordStore.swift; sourceTree = "<group>"; };
		C141B71F14DADE21C2DF2C6E /* SyncScheduler2.swift */ = {isa = PBXFileReference; lastKnownFileType = sourcecode.swift; path = SyncScheduler2.swift; sourceTree = "<group>"; };
		D268CB200DBF54CDD7C3B1B1 /* SyncEngine.swift */ = {isa = PBXFileReference; lastKnownFileType = sourcecode.swift; path = SyncEngine.swift; sourceTree = "<group>"; };
		03133CD1CAAF942D28893BB6 /* SyncNotifier.swift */ = {isa = PBXFileReference; lastKnownFileType = sourcecode.swift; path = SyncNotifier.swift; sourceTree = "<group>"; };
		161AFB7007F45F0A8DD1D576 /* ChangeDetectionTests.swift */ = {isa = PBXFileReference; lastKnownFileType = sourcecode.swift; name = ChangeDetectionTests.swift; path = KyokuTests/ChangeDetectionTests.swift; sourceTree = SOURCE_ROOT; };
		DF40C271A7B09CA46B99F699 /* SchedulerTests.swift */ = {isa = PBXFileReference; lastKnownFileType = sourcecode.swift; name = SchedulerTests.swift; path = KyokuTests/SchedulerTests.swift; sourceTree = SOURCE_ROOT; };
		CF7D4B2986D35D30ACB12A7E /* AutomationPersistenceTests.swift */ = {isa = PBXFileReference; lastKnownFileType = sourcecode.swift; name = AutomationPersistenceTests.swift; path = KyokuTests/AutomationPersistenceTests.swift; sourceTree = SOURCE_ROOT; };
		B3AA965C00827153B99CB73F /* AddSourceView.swift */ = {isa = PBXFileReference; lastKnownFileType = sourcecode.swift; path = AddSourceView.swift; sourceTree = "<group>"; };
		90CE713617C63DBC18040C96 /* SyncJobsView.swift */ = {isa = PBXFileReference; lastKnownFileType = sourcecode.swift; path = SyncJobsView.swift; sourceTree = "<group>"; };
		355361579FB43C8313475045 /* SyncJobEditorView.swift */ = {isa = PBXFileReference; lastKnownFileType = sourcecode.swift; path = SyncJobEditorView.swift; sourceTree = "<group>"; };
		11ACEBF560088FF57AF4D1E6 /* SyncPreviewView.swift */ = {isa = PBXFileReference; lastKnownFileType = sourcecode.swift; path = SyncPreviewView.swift; sourceTree = "<group>"; };
		1018CF479E193A6925209A28 /* NeedsAttentionView.swift */ = {isa = PBXFileReference; lastKnownFileType = sourcecode.swift; path = NeedsAttentionView.swift; sourceTree = "<group>"; };
		E7B25BE1CD591AAB87A5ED40 /* ActivityView.swift */ = {isa = PBXFileReference; lastKnownFileType = sourcecode.swift; path = ActivityView.swift; sourceTree = "<group>"; };
		73BF25FFC1C734559333D08F /* FolderPicker.swift */ = {isa = PBXFileReference; lastKnownFileType = sourcecode.swift; name = FolderPicker.swift; path = Kyoku/Views/Settings/FolderPicker.swift; sourceTree = SOURCE_ROOT; };
		D1000000000000000000000B2 /* DatabaseRecoveryView.swift */ = {isa = PBXFileReference; lastKnownFileType = sourcecode.swift; name = DatabaseRecoveryView.swift; path = Kyoku/Views/Settings/DatabaseRecoveryView.swift; sourceTree = SOURCE_ROOT; };
		5F6B5797FD7D94DFBB6FB0D2 /* OnboardingView.swift */ = {isa = PBXFileReference; lastKnownFileType = sourcecode.swift; name = OnboardingView.swift; path = Kyoku/Views/Settings/OnboardingView.swift; sourceTree = SOURCE_ROOT; };
		CF7136D811C3EB187611AB2C /* PlaybackError.swift */ = {isa = PBXFileReference; lastKnownFileType = sourcecode.swift; name = PlaybackError.swift; path = Kyoku/Core/Player/PlaybackError.swift; sourceTree = SOURCE_ROOT; };
		250EA5566CEE8AB3729B024F /* DownloadQueueCorrectnessTests.swift */ = {isa = PBXFileReference; lastKnownFileType = sourcecode.swift; name = DownloadQueueCorrectnessTests.swift; path = KyokuTests/DownloadQueueCorrectnessTests.swift; sourceTree = SOURCE_ROOT; };
		37CAB767C694A750EBB51FC5 /* OnboardingSettingsTests.swift */ = {isa = PBXFileReference; lastKnownFileType = sourcecode.swift; name = OnboardingSettingsTests.swift; path = KyokuTests/OnboardingSettingsTests.swift; sourceTree = SOURCE_ROOT; };
		3F41BE97152D021066C908CD /* SandboxHardeningTests.swift */ = {isa = PBXFileReference; lastKnownFileType = sourcecode.swift; name = SandboxHardeningTests.swift; path = KyokuTests/SandboxHardeningTests.swift; sourceTree = SOURCE_ROOT; };
		422265F22C4A23593C8C4644 /* ArtworkStore.swift */ = {isa = PBXFileReference; lastKnownFileType = sourcecode.swift; name = ArtworkStore.swift; path = Kyoku/Core/Library/ArtworkStore.swift; sourceTree = SOURCE_ROOT; };
		166C102D18BAB40E3EE3F963 /* AddPlaylistView.swift */ = {isa = PBXFileReference; lastKnownFileType = sourcecode.swift; name = AddPlaylistView.swift; path = Kyoku/Views/Library/AddPlaylistView.swift; sourceTree = SOURCE_ROOT; };
		601DA62E50EB4942448C1CD6 /* PlaylistArtwork.swift */ = {isa = PBXFileReference; lastKnownFileType = sourcecode.swift; name = PlaylistArtwork.swift; path = Kyoku/Core/Library/PlaylistArtwork.swift; sourceTree = SOURCE_ROOT; };
		E1AAC378FCE4403AB99F26B8 /* PlaylistDestinations.swift */ = {isa = PBXFileReference; lastKnownFileType = sourcecode.swift; name = PlaylistDestinations.swift; path = Kyoku/Core/Library/PlaylistDestinations.swift; sourceTree = SOURCE_ROOT; };
		7B3D03538D205883B6592EFB /* LibraryRobustnessTests.swift */ = {isa = PBXFileReference; lastKnownFileType = sourcecode.swift; name = LibraryRobustnessTests.swift; path = KyokuTests/LibraryRobustnessTests.swift; sourceTree = SOURCE_ROOT; };
/* End PBXFileReference section */

/* Begin PBXFrameworksBuildPhase section */
		C100000000000000000000001 /* Frameworks */ = {
			isa = PBXFrameworksBuildPhase;
			buildActionMask = 2147483647;
			files = (
			);
			runOnlyForDeploymentPostprocessing = 0;
		};
/* End PBXFrameworksBuildPhase section */

/* Begin PBXGroup section */
		C000000000000000000000001 = {
			isa = PBXGroup;
			children = (
				C000000000000000000000002 /* Kyoku */,
				2FE1786D690260D86AC6BAD6 /* KyokuTests */,
				C000000000000000000000003 /* Products */,
			);
			sourceTree = "<group>";
		};
		C000000000000000000000002 /* Kyoku */ = {
			isa = PBXGroup;
			children = (
				C000000000000000000000004 /* App */,
				C000000000000000000000005 /* Core */,
				C000000000000000000000006 /* Views */,
				C000000000000000000000007 /* Resources */,
			);
			path = Kyoku;
			sourceTree = "<group>";
		};
		C000000000000000000000003 /* Products */ = {
			isa = PBXGroup;
			children = (
				D000000000000000000000001 /* Kyoku.app */,
				53C14A9F6CF71DA48C9DEF8A /* KyokuTests.xctest */,
			);
			name = Products;
			sourceTree = "<group>";
		};
		C000000000000000000000004 /* App */ = {
			isa = PBXGroup;
			children = (
				B100000000000000000000001 /* KyokuApp.swift */,
				B100000000000000000000002 /* AppContainer.swift */,
				B100000000000000000000003 /* RootView.swift */,
			);
			path = App;
			sourceTree = "<group>";
		};
		C000000000000000000000005 /* Core */ = {
			isa = PBXGroup;
			children = (
				C000000000000000000000008 /* Logging */,
				C000000000000000000000009 /* Settings */,
				C000000000000000000000010 /* Database */,
				C000000000000000000000011 /* Models */,
				C000000000000000000000012 /* Library */,
				C000000000000000000000013 /* Player */,
				C000000000000000000000014 /* Downloads */,
				C000000000000000000000015 /* Filesystem */,
				C000000000000000000000016 /* Sync */,
			);
			path = Core;
			sourceTree = "<group>";
		};
		C000000000000000000000006 /* Views */ = {
			isa = PBXGroup;
			children = (
				C000000000000000000000017 /* Home */,
				C000000000000000000000018 /* Settings */,
				C000000000000000000000019 /* Downloads */,
				C000000000000000000000020 /* Sources */,
				1D2DC214F723107DD32BDDAB /* Library */,
				396154026FD1AB54FDAE9D88 /* Player */,
				C7A85E11281156A94F53DB35 /* Sync */,
			);
			path = Views;
			sourceTree = "<group>";
		};
		C000000000000000000000007 /* Resources */ = {
			isa = PBXGroup;
			children = (
				B100000000000000000000020 /* Assets.xcassets */,
				B100000000000000000000021 /* Kyoku.entitlements */,
			);
			path = Resources;
			sourceTree = "<group>";
		};
		C000000000000000000000008 /* Logging */ = {
			isa = PBXGroup;
			children = (
				B100000000000000000000004 /* KyokuLogger.swift */,
			);
			path = Logging;
			sourceTree = "<group>";
		};
		C000000000000000000000009 /* Settings */ = {
			isa = PBXGroup;
			children = (
				B100000000000000000000005 /* AppSettings.swift */,
			);
			path = Settings;
			sourceTree = "<group>";
		};
		C000000000000000000000010 /* Database */ = {
			isa = PBXGroup;
			children = (
				B100000000000000000000006 /* Database.swift */,
				B100000000000000000000007 /* Schema.swift */,
				D1000000000000000000000A1 /* DatabaseBoot.swift */,
			);
			path = Database;
			sourceTree = "<group>";
		};
		C000000000000000000000011 /* Models */ = {
			isa = PBXGroup;
			children = (
				B100000000000000000000008 /* Track.swift */,
				B100000000000000000000010 /* DownloadProfile.swift */,
				B426ABAF5977AA728ECB59F5 /* AutomationModels.swift */,
				8F94467BB8F0F8D73ECF4DE3 /* LibraryModels.swift */,
			);
			path = Models;
			sourceTree = "<group>";
		};
		C000000000000000000000012 /* Library */ = {
			isa = PBXGroup;
			children = (
				B100000000000000000000011 /* LibraryStore.swift */,
				E1AAC378FCE4403AB99F26B8 /* PlaylistDestinations.swift */,
				601DA62E50EB4942448C1CD6 /* PlaylistArtwork.swift */,
				54B64F75AF9D28C6199D7533 /* FileMetadataReader.swift */,
				422265F22C4A23593C8C4644 /* ArtworkStore.swift */,
				3B7A4901BDE8B9F5412508E2 /* LibraryIdentity.swift */,
			);
			path = Library;
			sourceTree = "<group>";
		};
		C000000000000000000000013 /* Player */ = {
			isa = PBXGroup;
			children = (
				E4BE466DB625E1B1F7B502E6 /* PlaybackService.swift */,
				CF7136D811C3EB187611AB2C /* PlaybackError.swift */,
			);
			path = Player;
			sourceTree = "<group>";
		};
		C000000000000000000000014 /* Downloads */ = {
			isa = PBXGroup;
			children = (
				B100000000000000000000013 /* DownloadEngine.swift */,
				B100000000000000000000022 /* DownloadEngineError.swift */,
				B100000000000000000000014 /* ProcessRunner.swift */,
				B100000000000000000000015 /* SpotDLEngine.swift */,
				B100000000000000000000023 /* DownloadQueue.swift */,
			);
			path = Downloads;
			sourceTree = "<group>";
		};
		C000000000000000000000015 /* Filesystem */ = {
			isa = PBXGroup;
			children = (
				B100000000000000000000016 /* MusicFolderAccess.swift */,
			);
			path = Filesystem;
			sourceTree = "<group>";
		};
		C000000000000000000000016 /* Sync */ = {
			isa = PBXGroup;
			children = (
				AE964297C1061C161B21AD3D /* AutomationRecordStore.swift */,
				031618159B69D11DE125948B /* SourceStore.swift */,
				D268CB200DBF54CDD7C3B1B1 /* SyncEngine.swift */,
				9271A4CB243763431772FAA2 /* SyncJobStore.swift */,
				03133CD1CAAF942D28893BB6 /* SyncNotifier.swift */,
				C141B71F14DADE21C2DF2C6E /* SyncScheduler2.swift */,
			);
			path = Sync;
			sourceTree = "<group>";
		};
		C000000000000000000000017 /* Home */ = {
			isa = PBXGroup;
			children = (
				B100000000000000000000018 /* HomeView.swift */,
			);
			path = Home;
			sourceTree = "<group>";
		};
		C000000000000000000000018 /* Settings */ = {
			isa = PBXGroup;
			children = (
				B100000000000000000000019 /* SettingsView.swift */,
				5F6B5797FD7D94DFBB6FB0D2 /* OnboardingView.swift */,
				73BF25FFC1C734559333D08F /* FolderPicker.swift */,
				D1000000000000000000000B2 /* DatabaseRecoveryView.swift */,
			);
			path = Settings;
			sourceTree = "<group>";
		};
		C000000000000000000000019 /* Downloads */ = {
			isa = PBXGroup;
			children = (
				B100000000000000000000024 /* QueueView.swift */,
			);
			path = Downloads;
			sourceTree = "<group>";
		};
		C000000000000000000000020 /* Sources */ = {
			isa = PBXGroup;
			children = (
				B100000000000000000000025 /* SourcesView.swift */,
				B3AA965C00827153B99CB73F /* AddSourceView.swift */,
			);
			path = Sources;
			sourceTree = "<group>";
		};
		2FE1786D690260D86AC6BAD6 /* KyokuTests */ = {
			isa = PBXGroup;
			children = (
				48B1C8DDEDFF7F2CD216C643 /* LibraryImportTests.swift */,
				984ABEAACBDF62E0FCABA811 /* PlaybackQueueTests.swift */,
				35FBEF998FD19F32872A5A1C /* MigrationTests.swift */,
				D1000000000000000000000C3 /* DatabaseSurvivalTests.swift */,
				7B3D03538D205883B6592EFB /* LibraryRobustnessTests.swift */,
				CF7D4B2986D35D30ACB12A7E /* AutomationPersistenceTests.swift */,
				DF40C271A7B09CA46B99F699 /* SchedulerTests.swift */,
				161AFB7007F45F0A8DD1D576 /* ChangeDetectionTests.swift */,
				3F41BE97152D021066C908CD /* SandboxHardeningTests.swift */,
				37CAB767C694A750EBB51FC5 /* OnboardingSettingsTests.swift */,
				250EA5566CEE8AB3729B024F /* DownloadQueueCorrectnessTests.swift */,
			);
			path = KyokuTests;
			sourceTree = "<group>";
		};
		C7A85E11281156A94F53DB35 /* Sync */ = {
			isa = PBXGroup;
			children = (
				E7B25BE1CD591AAB87A5ED40 /* ActivityView.swift */,
				1018CF479E193A6925209A28 /* NeedsAttentionView.swift */,
				355361579FB43C8313475045 /* SyncJobEditorView.swift */,
				90CE713617C63DBC18040C96 /* SyncJobsView.swift */,
				11ACEBF560088FF57AF4D1E6 /* SyncPreviewView.swift */,
			);
			path = Sync;
			sourceTree = "<group>";
		};
		1D2DC214F723107DD32BDDAB /* Library */ = {
			isa = PBXGroup;
			children = (
				36B144148D6FB2BF02B82FED /* AlbumsView.swift */,
				F77B4793A3E18A9960A32170 /* ArtistsView.swift */,
				FCFC4D3F85D59C9DD63AFF87 /* ArtworkView.swift */,
				9BBB44EE841D429AEF564E2A /* PlaylistsView.swift */,
				166C102D18BAB40E3EE3F963 /* AddPlaylistView.swift */,
				840642108DD5673041A47B4C /* RecentlyAddedView.swift */,
				787845B5A237F80BE4F6BE89 /* SearchView.swift */,
				16F74EE3BC857776B16D13E5 /* SongsView.swift */,
				D65347B0A32DAAC006C4C1A1 /* TrackContextMenu.swift */,
				E0A545E196ACCCC534B3F90A /* TrackRow.swift */,
			);
			path = Library;
			sourceTree = "<group>";
		};
		396154026FD1AB54FDAE9D88 /* Player */ = {
			isa = PBXGroup;
			children = (
				0EFE4690934E662AB1441C75 /* IfPlayer.swift */,
				711A4FB1BBC3A0DB881BF186 /* NowPlayingView.swift */,
				B9E34D2F833D4923107AD670 /* PlaybackQueuePopover.swift */,
				6AA84AE18B72E074B741390B /* PlayerBar.swift */,
			);
			path = Player;
			sourceTree = "<group>";
		};
/* End PBXGroup section */

/* Begin PBXNativeTarget section */
		E000000000000000000000001 /* Kyoku */ = {
			isa = PBXNativeTarget;
			buildConfigurationList = F000000000000000000000001 /* Build configuration list for PBXNativeTarget "Kyoku" */;
			buildPhases = (
				C100000000000000000000002 /* Sources */,
				C100000000000000000000001 /* Frameworks */,
				C100000000000000000000003 /* Resources */,
			);
			buildRules = (
			);
			dependencies = (
			);
			name = Kyoku;
			productName = Kyoku;
			productReference = D000000000000000000000001 /* Kyoku.app */;
			productType = "com.apple.product-type.application";
		};
		34A55CB3A3694BFE62A9AB19 /* KyokuTests */ = {
			isa = PBXNativeTarget;
			buildConfigurationList = C9337B0A1AB37F65544CE38D /* Build configuration list for PBXNativeTarget "KyokuTests" */;
			buildPhases = (
				046E29B569257A3CB3B350E1 /* Sources */,
			);
			buildRules = (
			);
			dependencies = (
				00520F274544B4234151648D /* PBXTargetDependency */,
			);
			name = KyokuTests;
			productName = KyokuTests;
			productReference = 53C14A9F6CF71DA48C9DEF8A /* KyokuTests.xctest */;
			productType = "com.apple.product-type.bundle.unit-test";
		};
/* End PBXNativeTarget section */
/* Begin PBXTargetDependency section */
		00520F274544B4234151648D /* PBXTargetDependency */ = {
			isa = PBXTargetDependency;
			target = E000000000000000000000001 /* Kyoku */;
			targetProxy = 1605D5AEE3E0FDF5ECEA4FAE /* PBXContainerItemProxy */;
		};
/* End PBXTargetDependency section */
/* Begin PBXContainerItemProxy section */
		1605D5AEE3E0FDF5ECEA4FAE /* PBXContainerItemProxy */ = {
			isa = PBXContainerItemProxy;
			containerPortal = F000000000000000000000003 /* Project object */;
			proxyType = 1;
			remoteGlobalIDString = E000000000000000000000001;
			remoteInfo = Kyoku;
		};
/* End PBXContainerItemProxy section */

/* Begin PBXProject section */
		F000000000000000000000003 /* Project object */ = {
			isa = PBXProject;
			attributes = {
				BuildIndependentTargetsInParallel = 1;
				LastSwiftUpdateCheck = 2600;
				LastUpgradeCheck = 2600;
				TargetAttributes = {
					E000000000000000000000001 = {
						CreatedOnToolsVersion = 26.0;
					};
					34A55CB3A3694BFE62A9AB19 /* KyokuTests */ = {
						CreatedOnToolsVersion = 26.0;
						TestTargetID = E000000000000000000000001;
					};
				};
			};
			buildConfigurationList = F000000000000000000000002 /* Build configuration list for PBXProject "Kyoku" */;
			compatibilityVersion = "Xcode 26.0";
			developmentRegion = en;
			hasScannedForEncodings = 0;
			knownRegions = (
				en,
			);
			mainGroup = C000000000000000000000001;
			productRefGroup = C000000000000000000000003 /* Products */;
			projectDirPath = "";
			projectRoot = "";
			targets = (
				E000000000000000000000001 /* Kyoku */,
				34A55CB3A3694BFE62A9AB19 /* KyokuTests */,
			);
		};
/* End PBXProject section */

/* Begin PBXResourcesBuildPhase section */
		C100000000000000000000003 /* Resources */ = {
			isa = PBXResourcesBuildPhase;
			buildActionMask = 2147483647;
			files = (
				A100000000000000000000020 /* Assets.xcassets in Resources */,
			);
			runOnlyForDeploymentPostprocessing = 0;
		};
/* End PBXResourcesBuildPhase section */

/* Begin PBXSourcesBuildPhase section */
		C100000000000000000000002 /* Sources */ = {
			isa = PBXSourcesBuildPhase;
			buildActionMask = 2147483647;
			files = (
				A100000000000000000000001 /* KyokuApp.swift in Sources */,
				A100000000000000000000002 /* AppContainer.swift in Sources */,
				A100000000000000000000003 /* RootView.swift in Sources */,
				A100000000000000000000004 /* KyokuLogger.swift in Sources */,
				A100000000000000000000005 /* AppSettings.swift in Sources */,
				A100000000000000000000006 /* Database.swift in Sources */,
				D2000000000000000000000A1 /* DatabaseBoot.swift in Sources */,
				A100000000000000000000007 /* Schema.swift in Sources */,
				A100000000000000000000008 /* Track.swift in Sources */,
				A100000000000000000000010 /* DownloadProfile.swift in Sources */,
				A100000000000000000000011 /* LibraryStore.swift in Sources */,
				A100000000000000000000013 /* DownloadEngine.swift in Sources */,
				A100000000000000000000022 /* DownloadEngineError.swift in Sources */,
				A100000000000000000000014 /* ProcessRunner.swift in Sources */,
				A100000000000000000000015 /* SpotDLEngine.swift in Sources */,
				A100000000000000000000016 /* MusicFolderAccess.swift in Sources */,
				A100000000000000000000018 /* HomeView.swift in Sources */,
				A100000000000000000000019 /* SettingsView.swift in Sources */,
				A91F0DC27EF5B580DC4F17F7 /* OnboardingView.swift in Sources */,
				757296A9E01F2DD8396CA311 /* FolderPicker.swift in Sources */,
				D2000000000000000000000B2 /* DatabaseRecoveryView.swift in Sources */,
				A100000000000000000000023 /* DownloadQueue.swift in Sources */,
				A100000000000000000000024 /* QueueView.swift in Sources */,
				A100000000000000000000025 /* SourcesView.swift in Sources */,
				ECCD47B8AF4DDAE86D4975D7 /* LibraryModels.swift in Sources */,
				009826AB796288F5BB55370C /* ActivityView.swift in Sources */,
				2F89595E5B8F0574F8BEA296 /* NeedsAttentionView.swift in Sources */,
				21A354789ACC5B4CE365A2FC /* SyncPreviewView.swift in Sources */,
				0C03148FF7C84F520FB2EF33 /* SyncJobEditorView.swift in Sources */,
				649BAF6A70FA15F8C03E44F6 /* SyncJobsView.swift in Sources */,
				1642E8CF5DB013377D506F2F /* AddSourceView.swift in Sources */,
				B2B9A3E906CD37746E5E90B8 /* SyncNotifier.swift in Sources */,
				390E32D6E91214BB11DBBA75 /* SyncEngine.swift in Sources */,
				2276271EF85C2F4EAC5CC716 /* SyncScheduler2.swift in Sources */,
				E3557E55B37ECD25D2141519 /* AutomationRecordStore.swift in Sources */,
				B5692942509F6ABF20CCFAAA /* SyncJobStore.swift in Sources */,
				045EBBA6B7E90B63C39650FA /* SourceStore.swift in Sources */,
				9EF16B672B0F635440C0562C /* AutomationModels.swift in Sources */,
				B41141C7A3DE62F25AB5900A /* LibraryIdentity.swift in Sources */,
				CA704903A7FDCB401749CFB3 /* FileMetadataReader.swift in Sources */,
				B21F81FAB557B9C228C50029 /* ArtworkStore.swift in Sources */,
				5249FD6B108CAE0C808DF5FE /* AddPlaylistView.swift in Sources */,
				B0683D02D3535EF34FC0CE38 /* PlaylistArtwork.swift in Sources */,
				63890EB0281D383048CF0B77 /* PlaylistDestinations.swift in Sources */,
				7A314A99AB3DD7D599598AB7 /* PlaybackService.swift in Sources */,
				030CA29140138718545B4C29 /* PlaybackError.swift in Sources */,
				85524BFB9D5788B2169A34B7 /* ArtworkView.swift in Sources */,
				817A4F9ABB129E453809AA3E /* TrackContextMenu.swift in Sources */,
				A8574C31AD5F4ADAABE397CF /* TrackRow.swift in Sources */,
				60704145B141D53A5E46B0C3 /* SongsView.swift in Sources */,
				5CE040AD98B81368EA9A7679 /* AlbumsView.swift in Sources */,
				EEA140D291919E7467E60F06 /* ArtistsView.swift in Sources */,
				A98F4A308C79506D411B2E05 /* RecentlyAddedView.swift in Sources */,
				25B74AAD94598FC13ED2D7AD /* PlaylistsView.swift in Sources */,
				968B4EFE9CF90E475944E2F5 /* SearchView.swift in Sources */,
				774A4F53BE550377B27F2D11 /* PlayerBar.swift in Sources */,
				356C4C7EB414E7D7C03EB326 /* PlaybackQueuePopover.swift in Sources */,
				BFAB4BC5AE28D93F1EC05169 /* NowPlayingView.swift in Sources */,
				916E4682B48C8A4C2DF58FE6 /* IfPlayer.swift in Sources */,
			);
			runOnlyForDeploymentPostprocessing = 0;
		};
		046E29B569257A3CB3B350E1 /* Sources */ = {
			isa = PBXSourcesBuildPhase;
			buildActionMask = 2147483647;
			files = (
				C2004DFDD5858CD9910C427D /* LibraryImportTests.swift in Sources */,
				AB38CEF06133DECDF84090DA /* PlaybackQueueTests.swift in Sources */,
				70CE69FB1088117612DBEA08 /* MigrationTests.swift in Sources */,
				D2000000000000000000000C3 /* DatabaseSurvivalTests.swift in Sources */,
				5A5D8EB42E4E67BC2DBC6A06 /* LibraryRobustnessTests.swift in Sources */,
				085D4E2F2C4CE4DFB2C277D5 /* AutomationPersistenceTests.swift in Sources */,
				50A4015E292623BB29297741 /* SchedulerTests.swift in Sources */,
				2719CA4369E8E5065C087023 /* ChangeDetectionTests.swift in Sources */,
				8241605D4C0DDDA4396D8F5D /* SandboxHardeningTests.swift in Sources */,
				53C9A3C149FA0ED452AA90B7 /* OnboardingSettingsTests.swift in Sources */,
				21D3E23EB33416EA3681B3AE /* DownloadQueueCorrectnessTests.swift in Sources */,
			);
			runOnlyForDeploymentPostprocessing = 0;
		};
/* End PBXSourcesBuildPhase section */

/* Begin XCBuildConfiguration section */
		'G000000000000000000000001' = {
			isa = XCBuildConfiguration;
			buildSettings = {
				ALWAYS_SEARCH_USER_PATHS = NO;
				CLANG_ANALYZER_NONNULL = YES;
				CLANG_ANALYZER_NUMBER_OBJECT_CONVERSION = YES_AGGRESSIVE;
				CLANG_CXX_LANGUAGE_STANDARD = "gnu++20";
				CLANG_ENABLE_MODULES = YES;
				CLANG_ENABLE_OBJC_ARC = YES;
				COPY_PHASE_STRIP = NO;
				DEBUG_INFORMATION_FORMAT = dwarf;
				ENABLE_STRICT_OBJC_MSGSEND = YES;
				GCC_C_LANGUAGE_STANDARD = gnu17;
				GCC_DYNAMIC_NO_PIC = NO;
				GCC_OPTIMIZATION_LEVEL = 0;
				GCC_PREPROCESSOR_DEFINITIONS = (
					"DEBUG=1",
					"$(inherited)",
				);
				GCC_WARN_64_TO_32_BIT_CONVERSION = YES;
				GCC_WARN_ABOUT_RETURN_TYPE = YES_ERROR;
				GCC_WARN_UNINITIALIZED_AUTOS = YES_AGGRESSIVE;
				GCC_WARN_UNUSED_FUNCTION = YES;
				GCC_WARN_UNUSED_VARIABLE = YES;
				MACOSX_DEPLOYMENT_TARGET = 14.0;
				MTL_ENABLE_DEBUG_INFO = INCLUDE_SOURCE;
				MTL_FAST_MATH = YES;
				ONLY_ACTIVE_ARCH = YES;
				SDKROOT = macosx;
				SWIFT_ACTIVE_COMPILATION_CONDITIONS = DEBUG;
				SWIFT_OPTIMIZATION_LEVEL = "-Onone";
			};
			name = Debug;
		};
		'G000000000000000000000002' = {
			isa = XCBuildConfiguration;
			buildSettings = {
				ALWAYS_SEARCH_USER_PATHS = NO;
				CLANG_ANALYZER_NONNULL = YES;
				CLANG_ANALYZER_NUMBER_OBJECT_CONVERSION = YES_AGGRESSIVE;
				CLANG_CXX_LANGUAGE_STANDARD = "gnu++20";
				CLANG_ENABLE_MODULES = YES;
				CLANG_ENABLE_OBJC_ARC = YES;
				COPY_PHASE_STRIP = NO;
				DEBUG_INFORMATION_FORMAT = "dwarf-with-dsym";
				ENABLE_NS_ASSERTIONS = NO;
				ENABLE_STRICT_OBJC_MSGSEND = YES;
				GCC_C_LANGUAGE_STANDARD = gnu17;
				GCC_WARN_64_TO_32_BIT_CONVERSION = YES;
				GCC_WARN_ABOUT_RETURN_TYPE = YES_ERROR;
				GCC_WARN_UNINITIALIZED_AUTOS = YES_AGGRESSIVE;
				GCC_WARN_UNUSED_FUNCTION = YES;
				GCC_WARN_UNUSED_VARIABLE = YES;
				MACOSX_DEPLOYMENT_TARGET = 14.0;
				MTL_ENABLE_DEBUG_INFO = NO;
				MTL_FAST_MATH = YES;
				SDKROOT = macosx;
				SWIFT_OPTIMIZATION_LEVEL = "-O";
			};
			name = Release;
		};
		'G000000000000000000000003' = {
			isa = XCBuildConfiguration;
			buildSettings = {
				ENABLE_TESTABILITY = YES;
				ASSETCATALOG_COMPILER_APPICON_NAME = AppIcon;
				ASSETCATALOG_COMPILER_GENERATE_SWIFT_ASSET_SYMBOL_EXTENSIONS = YES;
				CODE_SIGN_ENTITLEMENTS = Kyoku/Resources/Kyoku.entitlements;
				CODE_SIGN_STYLE = Automatic;
				COMBINE_HIDPI_IMAGES = YES;
				CURRENT_PROJECT_VERSION = 1;
				DEVELOPMENT_TEAM = "";
				ENABLE_APP_SANDBOX = YES;
				ENABLE_HARDENED_RUNTIME = YES;
				GENERATE_INFOPLIST_FILE = YES;
				INFOPLIST_KEY_CFBundleDisplayName = Kyoku;
				INFOPLIST_KEY_LSApplicationCategoryType = "public.app-category.music";
				INFOPLIST_KEY_LSMusicLibraryUsageDescription = "Kyoku indexes your local music library to display songs, albums, and artists.";
				INFOPLIST_KEY_NSHumanReadableCopyright = "Copyright © 2026 Kyoku.";
				INFOPLIST_KEY_NSMainStoryboardFile = "";
				INFOPLIST_KEY_NSPrincipalClass = NSApplication;
				LD_RUNPATH_SEARCH_PATHS = (
					"$(inherited)",
					"@executable_path/../Frameworks",
				);
				MACOSX_DEPLOYMENT_TARGET = 14.0;
				MARKETING_VERSION = 0.1.0;
				PRODUCT_BUNDLE_IDENTIFIER = com.kyoku.app;
				PRODUCT_NAME = Kyoku;
				SWIFT_EMIT_LOC_STRINGS = YES;
				SWIFT_VERSION = 5.0;
			};
			name = Debug;
		};
		'G000000000000000000000004' = {
			isa = XCBuildConfiguration;
			buildSettings = {
				ASSETCATALOG_COMPILER_APPICON_NAME = AppIcon;
				ASSETCATALOG_COMPILER_GENERATE_SWIFT_ASSET_SYMBOL_EXTENSIONS = YES;
				CODE_SIGN_ENTITLEMENTS = Kyoku/Resources/Kyoku.entitlements;
				CODE_SIGN_STYLE = Automatic;
				COMBINE_HIDPI_IMAGES = YES;
				CURRENT_PROJECT_VERSION = 1;
				DEVELOPMENT_TEAM = "";
				ENABLE_APP_SANDBOX = YES;
				ENABLE_HARDENED_RUNTIME = YES;
				GENERATE_INFOPLIST_FILE = YES;
				INFOPLIST_KEY_CFBundleDisplayName = Kyoku;
				INFOPLIST_KEY_LSApplicationCategoryType = "public.app-category.music";
				INFOPLIST_KEY_LSMusicLibraryUsageDescription = "Kyoku indexes your local music library to display songs, albums, and artists.";
				INFOPLIST_KEY_NSHumanReadableCopyright = "Copyright © 2026 Kyoku.";
				INFOPLIST_KEY_NSMainStoryboardFile = "";
				INFOPLIST_KEY_NSPrincipalClass = NSApplication;
				LD_RUNPATH_SEARCH_PATHS = (
					"$(inherited)",
					"@executable_path/../Frameworks",
				);
				MACOSX_DEPLOYMENT_TARGET = 14.0;
				MARKETING_VERSION = 0.1.0;
				PRODUCT_BUNDLE_IDENTIFIER = com.kyoku.app;
				PRODUCT_NAME = Kyoku;
				SWIFT_EMIT_LOC_STRINGS = YES;
				SWIFT_VERSION = 5.0;
			};
			name = Release;
		};
		7E0EDEFFC2C5D1FC91549845 /* Debug */ = {
			isa = XCBuildConfiguration;
			buildSettings = {
				BUNDLE_LOADER = "$(TEST_HOST)";
				CODE_SIGN_STYLE = Automatic;
				CURRENT_PROJECT_VERSION = 1;
				ENABLE_TESTABILITY = YES;
				GENERATE_INFOPLIST_FILE = YES;
				MACOSX_DEPLOYMENT_TARGET = 14.0;
				MARKETING_VERSION = 0.1.0;
				PRODUCT_BUNDLE_IDENTIFIER = com.kyoku.app.KyokuTests;
				PRODUCT_NAME = "$(TARGET_NAME)";
				SWIFT_EMIT_LOC_STRINGS = NO;
				SWIFT_VERSION = 5.0;
				TEST_HOST = "$(BUILT_PRODUCTS_DIR)/Kyoku.app/Contents/MacOS/Kyoku";
			};
			name = Debug;
		};
		DAE5B4E6F067FFC503468B72 /* Release */ = {
			isa = XCBuildConfiguration;
			buildSettings = {
				BUNDLE_LOADER = "$(TEST_HOST)";
				CODE_SIGN_STYLE = Automatic;
				CURRENT_PROJECT_VERSION = 1;
				ENABLE_TESTABILITY = YES;
				GENERATE_INFOPLIST_FILE = YES;
				MACOSX_DEPLOYMENT_TARGET = 14.0;
				MARKETING_VERSION = 0.1.0;
				PRODUCT_BUNDLE_IDENTIFIER = com.kyoku.app.KyokuTests;
				PRODUCT_NAME = "$(TARGET_NAME)";
				SWIFT_EMIT_LOC_STRINGS = NO;
				SWIFT_VERSION = 5.0;
				TEST_HOST = "$(BUILT_PRODUCTS_DIR)/Kyoku.app/Contents/MacOS/Kyoku";
			};
			name = Release;
		};
/* End XCBuildConfiguration section */

/* Begin XCConfigurationList section */
		F000000000000000000000001 /* Build configuration list for PBXNativeTarget "Kyoku" */ = {
			isa = XCConfigurationList;
			buildConfigurations = (
				G000000000000000000000003,
				G000000000000000000000004,
			);
			defaultConfigurationIsVisible = 0;
			defaultConfigurationName = Release;
		};
		F000000000000000000000002 /* Build configuration list for PBXProject "Kyoku" */ = {
			isa = XCConfigurationList;
			buildConfigurations = (
				G000000000000000000000001,
				G000000000000000000000002,
			);
			defaultConfigurationIsVisible = 0;
			defaultConfigurationName = Release;
		};
		C9337B0A1AB37F65544CE38D /* Build configuration list for PBXNativeTarget "KyokuTests" */ = {
			isa = XCConfigurationList;
			buildConfigurations = (
				7E0EDEFFC2C5D1FC91549845 /* Debug */,
				DAE5B4E6F067FFC503468B72 /* Release */,
			);
			defaultConfigurationIsVisible = 0;
			defaultConfigurationName = Release;
		};
/* End XCConfigurationList section */
	};
	rootObject = F000000000000000000000003 /* Project object */;
}
